{
  "originHash" : "4d7ef784113fc47cf8294a3072c80c9a97b1b4eccbbd2e3fe5a147e58d8108e6",
  "pins" : [
    {
      "identity" : "aboutwindow",
      "kind" : "remoteSourceControl",
      "location" : "https://github.com/CodeEditApp/AboutWindow",
      "state" : {
        "revision" : "bdec18efb0dbee79613e7efa446ed3cc8e834842",
        "version" : "1.0.1"
      }
    },
    {
      "identity" : "resolvable",
      "kind" : "remoteSourceControl",
      "location" : "https://github.com/CircuitProApp/Resolvable",
      "state" : {
        "branch" : "main",
        "revision" : "5641a8e796d6840790eb805bdab7835480d9ab12"
      }
    },
    {
      "identity" : "swift-syntax",
      "kind" : "remoteSourceControl",
      "location" : "https://github.com/swiftlang/swift-syntax.git",
      "state" : {
        "revision" : "0687f71944021d616d34d922343dcef086855920",
        "version" : "600.0.1"
      }
    },
    {
      "identity" : "swiftdatapacks",
      "kind" : "remoteSourceControl",
      "location" : "https://github.com/CircuitProApp/SwiftDataPacks",
      "state" : {
        "branch" : "main",
        "revision" : "e043a1f41b208c33e3fbf634d1b86b7b5125164d"
      }
    },
    {
      "identity" : "swiftlintplugin",
      "kind" : "remoteSourceControl",
      "location" : "https://github.com/lukepistrol/SwiftLintPlugin",
      "state" : {
        "revision" : "3780efccceaa87f17ec39638a9d263d0e742b71c",
        "version" : "0.59.1"
      }
    },
    {
      "identity" : "welcomewindow",
      "kind" : "remoteSourceControl",
      "location" : "https://github.com/happyjem/WelcomeWindow.git",
      "state" : {
        "revision" : "b263f8adf5b94887a6c9d53c9c7ff9cabe00de2d"
      }
    }
  ],
  "version" : 3
}
