{
  "originHash" : "9db52e6d3f78e15fa542da4936b29fad2feecab71c7c29cea1916cabff9dd7da",
  "pins" : [
    {
      "identity" : "aboutwindow",
      "kind" : "remoteSourceControl",
      "location" : "https://github.com/CodeEditApp/AboutWindow",
      "state" : {
        "revision" : "bdec18efb0dbee79613e7efa446ed3cc8e834842",
        "version" : "1.0.1"
      }
    },
    {
      "identity" : "swiftlintplugin",
      "kind" : "remoteSourceControl",
      "location" : "https://github.com/lukepistrol/SwiftLintPlugin",
      "state" : {
        "revision" : "3780efccceaa87f17ec39638a9d263d0e742b71c",
        "version" : "0.59.1"
      }
    },
    {
      "identity" : "welcomewindow",
      "kind" : "remoteSourceControl",
      "location" : "https://github.com/happyjem/WelcomeWindow.git",
      "state" : {
        "branch" : "main",
        "revision" : "7f616fbf8c668f88751abfc086f77a58143c958c"
      }
    }
  ],
  "version" : 3
}
