{
  "originHash" : "4d7ef784113fc47cf8294a3072c80c9a97b1b4eccbbd2e3fe5a147e58d8108e6",
  "pins" : [
    {
      "identity" : "aboutwindow",
      "kind" : "remoteSourceControl",
      "location" : "https://github.com/CodeEditApp/AboutWindow",
      "state" : {
        "revision" : "bdec18efb0dbee79613e7efa446ed3cc8e834842",
        "version" : "1.0.1"
      }
    },
    {
      "identity" : "codeeditwelcomewindow",
      "kind" : "remoteSourceControl",
      "location" : "https://github.com/CodeEditApp/CodeEditWelcomeWindow",
      "state" : {
        "branch" : "main",
        "revision" : "cef2726ed3bd7b5beb585c9b6829f76d463a224c"
      }
    },
    {
      "identity" : "resolvable",
      "kind" : "remoteSourceControl",
      "location" : "https://github.com/CircuitProApp/Resolvable",
      "state" : {
        "branch" : "main",
        "revision" : "f05cb9ea441f2b14aa652d45e58f5ce17072cb72"
      }
    },
    {
      "identity" : "swift-syntax",
      "kind" : "remoteSourceControl",
      "location" : "https://github.com/swiftlang/swift-syntax.git",
      "state" : {
        "revision" : "0687f71944021d616d34d922343dcef086855920",
        "version" : "600.0.1"
      }
    },
    {
      "identity" : "swiftdatapacks",
      "kind" : "remoteSourceControl",
      "location" : "https://github.com/CircuitProApp/SwiftDataPacks",
      "state" : {
        "branch" : "main",
        "revision" : "54bf447a8f061d24be2aa4502c7e43788c0223c5"
      }
    },
    {
      "identity" : "swiftlintplugin",
      "kind" : "remoteSourceControl",
      "location" : "https://github.com/lukepistrol/SwiftLintPlugin",
      "state" : {
        "revision" : "17c132fe0ce3b4324dc23b575636b223483207b3",
        "version" : "0.63.0"
      }
    }
  ],
  "version" : 3
}
