// !$*UTF8*$!
{
	archiveVersion = 1;
	classes = {
	};
	objectVersion = 77;
	objects = {

/* Begin PBXBuildFile section */
		5E2704182DF5F410008B26BC /* AboutWindow in Frameworks */ = {isa = PBXBuildFile; productRef = 5E2704172DF5F410008B26BC /* AboutWindow */; };
		5ED3BD3E2DE7CA3E00F6DB0B /* WelcomeWindow in Frameworks */ = {isa = PBXBuildFile; productRef = 5ED3BD3D2DE7CA3E00F6DB0B /* WelcomeWindow */; };
		C77B0ECA2E522D9700A0227D /* SwiftDataPacks in Frameworks */ = {isa = PBXBuildFile; productRef = C77B0EC92E522D9700A0227D /* SwiftDataPacks */; };
		C7FEEB732E636ED300683985 /* Resolvable in Frameworks */ = {isa = PBXBuildFile; productRef = C7FEEB722E636ED300683985 /* Resolvable */; };
/* End PBXBuildFile section */

/* Begin PBXFileReference section */
		5E5AB35A2D9C60330069B623 /* CircuitPro.app */ = {isa = PBXFileReference; explicitFileType = wrapper.application; includeInIndex = 0; path = CircuitPro.app; sourceTree = BUILT_PRODUCTS_DIR; };
/* End PBXFileReference section */

/* Begin PBXFileSystemSynchronizedBuildFileExceptionSet section */
		C7DCAF062E5329E4000D2C17 /* Exceptions for "CircuitPro" folder in "CircuitPro" target */ = {
			isa = PBXFileSystemSynchronizedBuildFileExceptionSet;
			membershipExceptions = (
				App/Info.plist,
			);
			target = 5E5AB3592D9C60330069B623 /* CircuitPro */;
		};
/* End PBXFileSystemSynchronizedBuildFileExceptionSet section */

/* Begin PBXFileSystemSynchronizedRootGroup section */
		5E5AB35C2D9C60330069B623 /* CircuitPro */ = {
			isa = PBXFileSystemSynchronizedRootGroup;
			exceptions = (
				C7DCAF062E5329E4000D2C17 /* Exceptions for "CircuitPro" folder in "CircuitPro" target */,
			);
			path = CircuitPro;
			sourceTree = "<group>";
		};
/* End PBXFileSystemSynchronizedRootGroup section */

/* Begin PBXFrameworksBuildPhase section */
		5E5AB3572D9C60330069B623 /* Frameworks */ = {
			isa = PBXFrameworksBuildPhase;
			buildActionMask = 2147483647;
			files = (
				5E2704182DF5F410008B26BC /* AboutWindow in Frameworks */,
				5ED3BD3E2DE7CA3E00F6DB0B /* WelcomeWindow in Frameworks */,
				C7FEEB732E636ED300683985 /* Resolvable in Frameworks */,
				C77B0ECA2E522D9700A0227D /* SwiftDataPacks in Frameworks */,
			);
			runOnlyForDeploymentPostprocessing = 0;
		};
/* End PBXFrameworksBuildPhase section */

/* Begin PBXGroup section */
		5E5AB3512D9C60330069B623 = {
			isa = PBXGroup;
			children = (
				5E5AB35C2D9C60330069B623 /* CircuitPro */,
				5E5AB35B2D9C60330069B623 /* Products */,
			);
			sourceTree = "<group>";
		};
		5E5AB35B2D9C60330069B623 /* Products */ = {
			isa = PBXGroup;
			children = (
				5E5AB35A2D9C60330069B623 /* CircuitPro.app */,
			);
			name = Products;
			sourceTree = "<group>";
		};
/* End PBXGroup section */

/* Begin PBXNativeTarget section */
		5E5AB3592D9C60330069B623 /* CircuitPro */ = {
			isa = PBXNativeTarget;
			buildConfigurationList = 5E5AB36B2D9C60340069B623 /* Build configuration list for PBXNativeTarget "CircuitPro" */;
			buildPhases = (
				5E5AB3562D9C60330069B623 /* Sources */,
				5E5AB3572D9C60330069B623 /* Frameworks */,
				5E5AB3582D9C60330069B623 /* Resources */,
			);
			buildRules = (
			);
			dependencies = (
			);
			fileSystemSynchronizedGroups = (
				5E5AB35C2D9C60330069B623 /* CircuitPro */,
			);
			name = CircuitPro;
			packageProductDependencies = (
				5ED3BD3D2DE7CA3E00F6DB0B /* WelcomeWindow */,
				5E2704172DF5F410008B26BC /* AboutWindow */,
				C77B0EC92E522D9700A0227D /* SwiftDataPacks */,
				C7FEEB722E636ED300683985 /* Resolvable */,
			);
			productName = Electron;
			productReference = 5E5AB35A2D9C60330069B623 /* CircuitPro.app */;
			productType = "com.apple.product-type.application";
		};
/* End PBXNativeTarget section */

/* Begin PBXProject section */
		5E5AB3522D9C60330069B623 /* Project object */ = {
			isa = PBXProject;
			attributes = {
				BuildIndependentTargetsInParallel = 1;
				LastSwiftUpdateCheck = 1620;
				LastUpgradeCheck = 2600;
				TargetAttributes = {
					5E5AB3592D9C60330069B623 = {
						CreatedOnToolsVersion = 16.2;
					};
				};
			};
			buildConfigurationList = 5E5AB3552D9C60330069B623 /* Build configuration list for PBXProject "CircuitPro" */;
			developmentRegion = en;
			hasScannedForEncodings = 0;
			knownRegions = (
				en,
				Base,
			);
			mainGroup = 5E5AB3512D9C60330069B623;
			minimizedProjectReferenceProxies = 1;
			packageReferences = (
				5E0B73522DDF58BE0061123B /* XCRemoteSwiftPackageReference "SwiftLintPlugin" */,
				5ED3BD3C2DE7CA3E00F6DB0B /* XCRemoteSwiftPackageReference "CodeEditWelcomeWindow" */,
				5E2704162DF5F410008B26BC /* XCRemoteSwiftPackageReference "AboutWindow" */,
				C77B0EC82E522D9700A0227D /* XCRemoteSwiftPackageReference "SwiftDataPacks" */,
				C7FEEB712E636ED300683985 /* XCRemoteSwiftPackageReference "Resolvable" */,
			);
			preferredProjectObjectVersion = 77;
			productRefGroup = 5E5AB35B2D9C60330069B623 /* Products */;
			projectDirPath = "";
			projectRoot = "";
			targets = (
				5E5AB3592D9C60330069B623 /* CircuitPro */,
			);
		};
/* End PBXProject section */

/* Begin PBXResourcesBuildPhase section */
		5E5AB3582D9C60330069B623 /* Resources */ = {
			isa = PBXResourcesBuildPhase;
			buildActionMask = 2147483647;
			files = (
			);
			runOnlyForDeploymentPostprocessing = 0;
		};
/* End PBXResourcesBuildPhase section */

/* Begin PBXSourcesBuildPhase section */
		5E5AB3562D9C60330069B623 /* Sources */ = {
			isa = PBXSourcesBuildPhase;
			buildActionMask = 2147483647;
			files = (
			);
			runOnlyForDeploymentPostprocessing = 0;
		};
/* End PBXSourcesBuildPhase section */

/* Begin XCBuildConfiguration section */
		5E5AB3692D9C60340069B623 /* Debug */ = {
			isa = XCBuildConfiguration;
			buildSettings = {
				ALWAYS_SEARCH_USER_PATHS = NO;
				ASSETCATALOG_COMPILER_GENERATE_SWIFT_ASSET_SYMBOL_EXTENSIONS = YES;
				CLANG_ANALYZER_NONNULL = YES;
				CLANG_ANALYZER_NUMBER_OBJECT_CONVERSION = YES_AGGRESSIVE;
				CLANG_CXX_LANGUAGE_STANDARD = "gnu++20";
				CLANG_ENABLE_MODULES = YES;
				CLANG_ENABLE_OBJC_ARC = YES;
				CLANG_ENABLE_OBJC_WEAK = YES;
				CLANG_WARN_BLOCK_CAPTURE_AUTORELEASING = YES;
				CLANG_WARN_BOOL_CONVERSION = YES;
				CLANG_WARN_COMMA = YES;
				CLANG_WARN_CONSTANT_CONVERSION = YES;
				CLANG_WARN_DEPRECATED_OBJC_IMPLEMENTATIONS = YES;
				CLANG_WARN_DIRECT_OBJC_ISA_USAGE = YES_ERROR;
				CLANG_WARN_DOCUMENTATION_COMMENTS = YES;
				CLANG_WARN_EMPTY_BODY = YES;
				CLANG_WARN_ENUM_CONVERSION = YES;
				CLANG_WARN_INFINITE_RECURSION = YES;
				CLANG_WARN_INT_CONVERSION = YES;
				CLANG_WARN_NON_LITERAL_NULL_CONVERSION = YES;
				CLANG_WARN_OBJC_IMPLICIT_RETAIN_SELF = YES;
				CLANG_WARN_OBJC_LITERAL_CONVERSION = YES;
				CLANG_WARN_OBJC_ROOT_CLASS = YES_ERROR;
				CLANG_WARN_QUOTED_INCLUDE_IN_FRAMEWORK_HEADER = YES;
				CLANG_WARN_RANGE_LOOP_ANALYSIS = YES;
				CLANG_WARN_STRICT_PROTOTYPES = YES;
				CLANG_WARN_SUSPICIOUS_MOVE = YES;
				CLANG_WARN_UNGUARDED_AVAILABILITY = YES_AGGRESSIVE;
				CLANG_WARN_UNREACHABLE_CODE = YES;
				CLANG_WARN__DUPLICATE_METHOD_MATCH = YES;
				COPY_PHASE_STRIP = NO;
				DEAD_CODE_STRIPPING = YES;
				DEBUG_INFORMATION_FORMAT = dwarf;
				DEVELOPMENT_TEAM = HG8TU44368;
				ENABLE_STRICT_OBJC_MSGSEND = YES;
				ENABLE_TESTABILITY = YES;
				ENABLE_USER_SCRIPT_SANDBOXING = YES;
				GCC_C_LANGUAGE_STANDARD = gnu17;
				GCC_DYNAMIC_NO_PIC = NO;
				GCC_NO_COMMON_BLOCKS = YES;
				GCC_OPTIMIZATION_LEVEL = 0;
				GCC_PREPROCESSOR_DEFINITIONS = (
					"DEBUG=1",
					"$(inherited)",
				);
				GCC_WARN_64_TO_32_BIT_CONVERSION = YES;
				GCC_WARN_ABOUT_RETURN_TYPE = YES_ERROR;
				GCC_WARN_UNDECLARED_SELECTOR = YES;
				GCC_WARN_UNINITIALIZED_AUTOS = YES_AGGRESSIVE;
				GCC_WARN_UNUSED_FUNCTION = YES;
				GCC_WARN_UNUSED_VARIABLE = YES;
				LOCALIZATION_PREFERS_STRING_CATALOGS = YES;
				MACOSX_DEPLOYMENT_TARGET = 15.2;
				MTL_ENABLE_DEBUG_INFO = INCLUDE_SOURCE;
				MTL_FAST_MATH = YES;
				ONLY_ACTIVE_ARCH = YES;
				SDKROOT = macosx;
				STRING_CATALOG_GENERATE_SYMBOLS = YES;
				SWIFT_ACTIVE_COMPILATION_CONDITIONS = "DEBUG $(inherited)";
				SWIFT_OPTIMIZATION_LEVEL = "-Onone";
			};
			name = Debug;
		};
		5E5AB36A2D9C60340069B623 /* Release */ = {
			isa = XCBuildConfiguration;
			buildSettings = {
				ALWAYS_SEARCH_USER_PATHS = NO;
				ASSETCATALOG_COMPILER_GENERATE_SWIFT_ASSET_SYMBOL_EXTENSIONS = YES;
				CLANG_ANALYZER_NONNULL = YES;
				CLANG_ANALYZER_NUMBER_OBJECT_CONVERSION = YES_AGGRESSIVE;
				CLANG_CXX_LANGUAGE_STANDARD = "gnu++20";
				CLANG_ENABLE_MODULES = YES;
				CLANG_ENABLE_OBJC_ARC = YES;
				CLANG_ENABLE_OBJC_WEAK = YES;
				CLANG_WARN_BLOCK_CAPTURE_AUTORELEASING = YES;
				CLANG_WARN_BOOL_CONVERSION = YES;
				CLANG_WARN_COMMA = YES;
				CLANG_WARN_CONSTANT_CONVERSION = YES;
				CLANG_WARN_DEPRECATED_OBJC_IMPLEMENTATIONS = YES;
				CLANG_WARN_DIRECT_OBJC_ISA_USAGE = YES_ERROR;
				CLANG_WARN_DOCUMENTATION_COMMENTS = YES;
				CLANG_WARN_EMPTY_BODY = YES;
				CLANG_WARN_ENUM_CONVERSION = YES;
				CLANG_WARN_INFINITE_RECURSION = YES;
				CLANG_WARN_INT_CONVERSION = YES;
				CLANG_WARN_NON_LITERAL_NULL_CONVERSION = YES;
				CLANG_WARN_OBJC_IMPLICIT_RETAIN_SELF = YES;
				CLANG_WARN_OBJC_LITERAL_CONVERSION = YES;
				CLANG_WARN_OBJC_ROOT_CLASS = YES_ERROR;
				CLANG_WARN_QUOTED_INCLUDE_IN_FRAMEWORK_HEADER = YES;
				CLANG_WARN_RANGE_LOOP_ANALYSIS = YES;
				CLANG_WARN_STRICT_PROTOTYPES = YES;
				CLANG_WARN_SUSPICIOUS_MOVE = YES;
				CLANG_WARN_UNGUARDED_AVAILABILITY = YES_AGGRESSIVE;
				CLANG_WARN_UNREACHABLE_CODE = YES;
				CLANG_WARN__DUPLICATE_METHOD_MATCH = YES;
				COPY_PHASE_STRIP = NO;
				DEAD_CODE_STRIPPING = YES;
				DEBUG_INFORMATION_FORMAT = "dwarf-with-dsym";
				DEVELOPMENT_TEAM = HG8TU44368;
				ENABLE_NS_ASSERTIONS = NO;
				ENABLE_STRICT_OBJC_MSGSEND = YES;
				ENABLE_USER_SCRIPT_SANDBOXING = YES;
				GCC_C_LANGUAGE_STANDARD = gnu17;
				GCC_NO_COMMON_BLOCKS = YES;
				GCC_WARN_64_TO_32_BIT_CONVERSION = YES;
				GCC_WARN_ABOUT_RETURN_TYPE = YES_ERROR;
				GCC_WARN_UNDECLARED_SELECTOR = YES;
				GCC_WARN_UNINITIALIZED_AUTOS = YES_AGGRESSIVE;
				GCC_WARN_UNUSED_FUNCTION = YES;
				GCC_WARN_UNUSED_VARIABLE = YES;
				LOCALIZATION_PREFERS_STRING_CATALOGS = YES;
				MACOSX_DEPLOYMENT_TARGET = 15.2;
				MTL_ENABLE_DEBUG_INFO = NO;
				MTL_FAST_MATH = YES;
				SDKROOT = macosx;
				STRING_CATALOG_GENERATE_SYMBOLS = YES;
				SWIFT_COMPILATION_MODE = wholemodule;
			};
			name = Release;
		};
		5E5AB36C2D9C60340069B623 /* Debug */ = {
			isa = XCBuildConfiguration;
			buildSettings = {
				ASSETCATALOG_COMPILER_APPICON_NAME = CircuitProApp;
				ASSETCATALOG_COMPILER_GLOBAL_ACCENT_COLOR_NAME = AccentColor;
				ASSETCATALOG_COMPILER_INCLUDE_ALL_APPICON_ASSETS = NO;
				CODE_SIGN_ENTITLEMENTS = CircuitPro/App/CircuitPro.entitlements;
				CODE_SIGN_STYLE = Automatic;
				COMBINE_HIDPI_IMAGES = YES;
				CURRENT_PROJECT_VERSION = 1;
				DEAD_CODE_STRIPPING = YES;
				DEVELOPMENT_ASSET_PATHS = "";
				DEVELOPMENT_TEAM = "";
				ENABLE_APP_SANDBOX = YES;
				ENABLE_BUILD_TOOL_PLUGINS = NO;
				ENABLE_HARDENED_RUNTIME = YES;
				ENABLE_OUTGOING_NETWORK_CONNECTIONS = YES;
				ENABLE_PREVIEWS = YES;
				ENABLE_USER_SELECTED_FILES = readwrite;
				GENERATE_INFOPLIST_FILE = YES;
				INFOPLIST_FILE = CircuitPro/App/Info.plist;
				INFOPLIST_KEY_CFBundleDisplayName = "Circuit Pro";
				INFOPLIST_KEY_LSApplicationCategoryType = "public.app-category.developer-tools";
				INFOPLIST_KEY_NSHumanReadableCopyright = "";
				LD_RUNPATH_SEARCH_PATHS = (
					"$(inherited)",
					"@executable_path/../Frameworks",
				);
				MACOSX_DEPLOYMENT_TARGET = 26.0;
				MARKETING_VERSION = 0.0.2;
				PRODUCT_BUNDLE_IDENTIFIER = app.circuitpro.CircuitPro;
				PRODUCT_NAME = "$(TARGET_NAME)";
				SWIFT_EMIT_LOC_STRINGS = YES;
				SWIFT_VERSION = 5.0;
			};
			name = Debug;
		};
		5E5AB36D2D9C60340069B623 /* Release */ = {
			isa = XCBuildConfiguration;
			buildSettings = {
				ASSETCATALOG_COMPILER_APPICON_NAME = CircuitProApp;
				ASSETCATALOG_COMPILER_GLOBAL_ACCENT_COLOR_NAME = AccentColor;
				ASSETCATALOG_COMPILER_INCLUDE_ALL_APPICON_ASSETS = NO;
				CODE_SIGN_ENTITLEMENTS = CircuitPro/App/CircuitPro.entitlements;
				CODE_SIGN_STYLE = Automatic;
				COMBINE_HIDPI_IMAGES = YES;
				CURRENT_PROJECT_VERSION = 1;
				DEAD_CODE_STRIPPING = YES;
				DEVELOPMENT_ASSET_PATHS = "";
				DEVELOPMENT_TEAM = "";
				ENABLE_APP_SANDBOX = YES;
				ENABLE_BUILD_TOOL_PLUGINS = NO;
				ENABLE_HARDENED_RUNTIME = YES;
				ENABLE_OUTGOING_NETWORK_CONNECTIONS = YES;
				ENABLE_PREVIEWS = YES;
				ENABLE_USER_SELECTED_FILES = readwrite;
				GENERATE_INFOPLIST_FILE = YES;
				INFOPLIST_FILE = CircuitPro/App/Info.plist;
				INFOPLIST_KEY_CFBundleDisplayName = "Circuit Pro";
				INFOPLIST_KEY_LSApplicationCategoryType = "public.app-category.developer-tools";
				INFOPLIST_KEY_NSHumanReadableCopyright = "";
				LD_RUNPATH_SEARCH_PATHS = (
					"$(inherited)",
					"@executable_path/../Frameworks",
				);
				MACOSX_DEPLOYMENT_TARGET = 26.0;
				MARKETING_VERSION = 0.0.2;
				PRODUCT_BUNDLE_IDENTIFIER = app.circuitpro.CircuitPro;
				PRODUCT_NAME = "$(TARGET_NAME)";
				SWIFT_EMIT_LOC_STRINGS = YES;
				SWIFT_VERSION = 5.0;
			};
			name = Release;
		};
/* End XCBuildConfiguration section */

/* Begin XCConfigurationList section */
		5E5AB3552D9C60330069B623 /* Build configuration list for PBXProject "CircuitPro" */ = {
			isa = XCConfigurationList;
			buildConfigurations = (
				5E5AB3692D9C60340069B623 /* Debug */,
				5E5AB36A2D9C60340069B623 /* Release */,
			);
			defaultConfigurationIsVisible = 0;
			defaultConfigurationName = Release;
		};
		5E5AB36B2D9C60340069B623 /* Build configuration list for PBXNativeTarget "CircuitPro" */ = {
			isa = XCConfigurationList;
			buildConfigurations = (
				5E5AB36C2D9C60340069B623 /* Debug */,
				5E5AB36D2D9C60340069B623 /* Release */,
			);
			defaultConfigurationIsVisible = 0;
			defaultConfigurationName = Release;
		};
/* End XCConfigurationList section */

/* Begin XCRemoteSwiftPackageReference section */
		5E0B73522DDF58BE0061123B /* XCRemoteSwiftPackageReference "SwiftLintPlugin" */ = {
			isa = XCRemoteSwiftPackageReference;
			repositoryURL = "https://github.com/lukepistrol/SwiftLintPlugin";
			requirement = {
				kind = upToNextMajorVersion;
				minimumVersion = 0.59.1;
			};
		};
		5E2704162DF5F410008B26BC /* XCRemoteSwiftPackageReference "AboutWindow" */ = {
			isa = XCRemoteSwiftPackageReference;
			repositoryURL = "https://github.com/CodeEditApp/AboutWindow";
			requirement = {
				kind = upToNextMajorVersion;
				minimumVersion = 1.0.0;
			};
		};
		5ED3BD3C2DE7CA3E00F6DB0B /* XCRemoteSwiftPackageReference "CodeEditWelcomeWindow" */ = {
			isa = XCRemoteSwiftPackageReference;
			repositoryURL = "https://github.com/CodeEditApp/CodeEditWelcomeWindow";
			requirement = {
				branch = main;
				kind = branch;
			};
		};
		C77B0EC82E522D9700A0227D /* XCRemoteSwiftPackageReference "SwiftDataPacks" */ = {
			isa = XCRemoteSwiftPackageReference;
			repositoryURL = "https://github.com/CircuitProApp/SwiftDataPacks";
			requirement = {
				branch = main;
				kind = branch;
			};
		};
		C7FEEB712E636ED300683985 /* XCRemoteSwiftPackageReference "Resolvable" */ = {
			isa = XCRemoteSwiftPackageReference;
			repositoryURL = "https://github.com/CircuitProApp/Resolvable";
			requirement = {
				branch = main;
				kind = branch;
			};
		};
/* End XCRemoteSwiftPackageReference section */

/* Begin XCSwiftPackageProductDependency section */
		5E2704172DF5F410008B26BC /* AboutWindow */ = {
			isa = XCSwiftPackageProductDependency;
			package = 5E2704162DF5F410008B26BC /* XCRemoteSwiftPackageReference "AboutWindow" */;
			productName = AboutWindow;
		};
		5ED3BD3D2DE7CA3E00F6DB0B /* WelcomeWindow */ = {
			isa = XCSwiftPackageProductDependency;
			package = 5ED3BD3C2DE7CA3E00F6DB0B /* XCRemoteSwiftPackageReference "CodeEditWelcomeWindow" */;
			productName = WelcomeWindow;
		};
		C77B0EC92E522D9700A0227D /* SwiftDataPacks */ = {
			isa = XCSwiftPackageProductDependency;
			package = C77B0EC82E522D9700A0227D /* XCRemoteSwiftPackageReference "SwiftDataPacks" */;
			productName = SwiftDataPacks;
		};
		C7FEEB722E636ED300683985 /* Resolvable */ = {
			isa = XCSwiftPackageProductDependency;
			package = C7FEEB712E636ED300683985 /* XCRemoteSwiftPackageReference "Resolvable" */;
			productName = Resolvable;
		};
/* End XCSwiftPackageProductDependency section */
	};
	rootObject = 5E5AB3522D9C60330069B623 /* Project object */;
}
